
Microsoft Visual Studio Solution File, Format Version 12.00
# Visual Studio 2012
Project("{FAE04EC0-301F-11D3-BF4B-00C04F79EFBC}") = "Sandbox", "Sandbox\Sandbox.csproj", "{8121846D-923E-4BB0-8647-30DA753D156E}"
EndProject
Project("{FAE04EC0-301F-11D3-BF4B-00C04F79EFBC}") = "Dispatch", "Dispatch\Dispatch.csproj", "{F190E14D-FEF2-49FF-AEC1-118209A207F9}"
EndProject
Project("{FAE04EC0-301F-11D3-BF4B-00C04F79EFBC}") = "Gestures", "Gestures\Gestures.csproj", "{30440EA9-6E96-4B4C-9057-814EC231B9F9}"
EndProject
Project("{FAE04EC0-301F-11D3-BF4B-00C04F79EFBC}") = "Recorder", "Recorder\Recorder.csproj", "{361619D9-0CF1-4E6B-878F-FF6A60FE0639}"
EndProject
Project("{FAE04EC0-301F-11D3-BF4B-00C04F79EFBC}") = "Playback", "Playback\Playback.csproj", "{82C6D2EC-0972-4A19-8529-6D6B1A245A20}"
EndProject
Project("{FAE04EC0-301F-11D3-BF4B-00C04F79EFBC}") = "OxyplotDemo", "OxyplotDemo\OxyplotDemo.csproj", "{13B4AE2C-26CD-4644-B198-8E8D14155ACD}"
EndProject
Project("{FAE04EC0-301F-11D3-BF4B-00C04F79EFBC}") = "GUI", "GUI\GUI.csproj", "{E305192D-66CD-4662-B546-285EDFBF7B23}"
EndProject
Project("{FAE04EC0-301F-11D3-BF4B-00C04F79EFBC}") = "MIDI", "MIDI\MIDI.csproj", "{63B7C1DD-A88B-469F-B065-C95E34FDE015}"
EndProject
Project("{FAE04EC0-301F-11D3-BF4B-00C04F79EFBC}") = "BeatTester", "BeatTester\BeatTester.csproj", "{CEBA0254-F160-445D-A289-88587981CED9}"
EndProject
Project("{FAE04EC0-301F-11D3-BF4B-00C04F79EFBC}") = "Sanford.Multimedia.Midi", "CSharpMidiToolkitV5_demo\Sanford.Multimedia.Midi\Sanford.Multimedia.Midi.csproj", "{4269C72A-8D3A-4737-8F89-72EAA33EA9E1}"
EndProject
Project("{FAE04EC0-301F-11D3-BF4B-00C04F79EFBC}") = "Playback2", "Playback2\Playback2.csproj", "{F588CB20-8CF9-44A4-AECE-74F01B42DF53}"
EndProject
Global
	GlobalSection(SolutionConfigurationPlatforms) = preSolution
		Debug|Any CPU = Debug|Any CPU
		Release|Any CPU = Release|Any CPU
	EndGlobalSection
	GlobalSection(ProjectConfigurationPlatforms) = postSolution
		{8121846D-923E-4BB0-8647-30DA753D156E}.Debug|Any CPU.ActiveCfg = Debug|Any CPU
		{8121846D-923E-4BB0-8647-30DA753D156E}.Debug|Any CPU.Build.0 = Debug|Any CPU
		{8121846D-923E-4BB0-8647-30DA753D156E}.Release|Any CPU.ActiveCfg = Release|Any CPU
		{8121846D-923E-4BB0-8647-30DA753D156E}.Release|Any CPU.Build.0 = Release|Any CPU
		{F190E14D-FEF2-49FF-AEC1-118209A207F9}.Debug|Any CPU.ActiveCfg = Debug|Any CPU
		{F190E14D-FEF2-49FF-AEC1-118209A207F9}.Debug|Any CPU.Build.0 = Debug|Any CPU
		{F190E14D-FEF2-49FF-AEC1-118209A207F9}.Release|Any CPU.ActiveCfg = Release|Any CPU
		{F190E14D-FEF2-49FF-AEC1-118209A207F9}.Release|Any CPU.Build.0 = Release|Any CPU
		{30440EA9-6E96-4B4C-9057-814EC231B9F9}.Debug|Any CPU.ActiveCfg = Debug|Any CPU
		{30440EA9-6E96-4B4C-9057-814EC231B9F9}.Debug|Any CPU.Build.0 = Debug|Any CPU
		{30440EA9-6E96-4B4C-9057-814EC231B9F9}.Release|Any CPU.ActiveCfg = Release|Any CPU
		{30440EA9-6E96-4B4C-9057-814EC231B9F9}.Release|Any CPU.Build.0 = Release|Any CPU
		{361619D9-0CF1-4E6B-878F-FF6A60FE0639}.Debug|Any CPU.ActiveCfg = Debug|Any CPU
		{361619D9-0CF1-4E6B-878F-FF6A60FE0639}.Debug|Any CPU.Build.0 = Debug|Any CPU
		{361619D9-0CF1-4E6B-878F-FF6A60FE0639}.Release|Any CPU.ActiveCfg = Release|Any CPU
		{361619D9-0CF1-4E6B-878F-FF6A60FE0639}.Release|Any CPU.Build.0 = Release|Any CPU
		{82C6D2EC-0972-4A19-8529-6D6B1A245A20}.Debug|Any CPU.ActiveCfg = Debug|Any CPU
		{82C6D2EC-0972-4A19-8529-6D6B1A245A20}.Debug|Any CPU.Build.0 = Debug|Any CPU
		{82C6D2EC-0972-4A19-8529-6D6B1A245A20}.Release|Any CPU.ActiveCfg = Release|Any CPU
		{82C6D2EC-0972-4A19-8529-6D6B1A245A20}.Release|Any CPU.Build.0 = Release|Any CPU
		{13B4AE2C-26CD-4644-B198-8E8D14155ACD}.Debug|Any CPU.ActiveCfg = Debug|Any CPU
		{13B4AE2C-26CD-4644-B198-8E8D14155ACD}.Debug|Any CPU.Build.0 = Debug|Any CPU
		{13B4AE2C-26CD-4644-B198-8E8D14155ACD}.Release|Any CPU.ActiveCfg = Release|Any CPU
		{13B4AE2C-26CD-4644-B198-8E8D14155ACD}.Release|Any CPU.Build.0 = Release|Any CPU
		{E305192D-66CD-4662-B546-285EDFBF7B23}.Debug|Any CPU.ActiveCfg = Debug|Any CPU
		{E305192D-66CD-4662-B546-285EDFBF7B23}.Debug|Any CPU.Build.0 = Debug|Any CPU
		{E305192D-66CD-4662-B546-285EDFBF7B23}.Release|Any CPU.ActiveCfg = Release|Any CPU
		{E305192D-66CD-4662-B546-285EDFBF7B23}.Release|Any CPU.Build.0 = Release|Any CPU
		{63B7C1DD-A88B-469F-B065-C95E34FDE015}.Debug|Any CPU.ActiveCfg = Debug|Any CPU
		{63B7C1DD-A88B-469F-B065-C95E34FDE015}.Debug|Any CPU.Build.0 = Debug|Any CPU
		{63B7C1DD-A88B-469F-B065-C95E34FDE015}.Release|Any CPU.ActiveCfg = Release|Any CPU
		{63B7C1DD-A88B-469F-B065-C95E34FDE015}.Release|Any CPU.Build.0 = Release|Any CPU
		{CEBA0254-F160-445D-A289-88587981CED9}.Debug|Any CPU.ActiveCfg = Debug|Any CPU
		{CEBA0254-F160-445D-A289-88587981CED9}.Debug|Any CPU.Build.0 = Debug|Any CPU
		{CEBA0254-F160-445D-A289-88587981CED9}.Release|Any CPU.ActiveCfg = Release|Any CPU
		{CEBA0254-F160-445D-A289-88587981CED9}.Release|Any CPU.Build.0 = Release|Any CPU
		{4269C72A-8D3A-4737-8F89-72EAA33EA9E1}.Debug|Any CPU.ActiveCfg = Debug|Any CPU
		{4269C72A-8D3A-4737-8F89-72EAA33EA9E1}.Debug|Any CPU.Build.0 = Debug|Any CPU
		{4269C72A-8D3A-4737-8F89-72EAA33EA9E1}.Release|Any CPU.ActiveCfg = Release|Any CPU
		{4269C72A-8D3A-4737-8F89-72EAA33EA9E1}.Release|Any CPU.Build.0 = Release|Any CPU
		{F588CB20-8CF9-44A4-AECE-74F01B42DF53}.Debug|Any CPU.ActiveCfg = Debug|Any CPU
		{F588CB20-8CF9-44A4-AECE-74F01B42DF53}.Debug|Any CPU.Build.0 = Debug|Any CPU
		{F588CB20-8CF9-44A4-AECE-74F01B42DF53}.Release|Any CPU.ActiveCfg = Release|Any CPU
		{F588CB20-8CF9-44A4-AECE-74F01B42DF53}.Release|Any CPU.Build.0 = Release|Any CPU
	EndGlobalSection
	GlobalSection(SolutionProperties) = preSolution
		HideSolutionNode = FALSE
	EndGlobalSection
	GlobalSection(MonoDevelopProperties) = preSolution
		StartupItem = Sandbox\Sandbox.csproj
	EndGlobalSection
EndGlobal
